
Microsoft Visual Studio Solution File, Format Version 12.00
# Visual Studio 15
VisualStudioVersion = 15.0.28307.705
MinimumVisualStudioVersion = 10.0.40219.1
Project("{888888A0-9F3D-457C-B088-3A5042F75D52}") = "AppUmka", "AppUmka\AppUmka.pyproj", "{4E77B786-4491-4F4A-8C67-82F348FBEDE1}"
EndProject
Global
	GlobalSection(SolutionConfigurationPlatforms) = preSolution
		Debug|Any CPU = Debug|Any CPU
		Release|Any CPU = Release|Any CPU
	EndGlobalSection
	GlobalSection(ProjectConfigurationPlatforms) = postSolution
		{4E77B786-4491-4F4A-8C67-82F348FBEDE1}.Debug|Any CPU.ActiveCfg = Debug|Any CPU
		{4E77B786-4491-4F4A-8C67-82F348FBEDE1}.Debug|Any CPU.Build.0 = Debug|Any CPU
		{4E77B786-4491-4F4A-8C67-82F348FBEDE1}.Release|Any CPU.ActiveCfg = Release|Any CPU
		{4E77B786-4491-4F4A-8C67-82F348FBEDE1}.Release|Any CPU.Build.0 = Release|Any CPU
	EndGlobalSection
	GlobalSection(SolutionProperties) = preSolution
		HideSolutionNode = FALSE
	EndGlobalSection
	GlobalSection(ExtensibilityGlobals) = postSolution
		SolutionGuid = {33C33814-3602-441D-B811-A8C7B905B4D5}
	EndGlobalSection
EndGlobal
